
Microsoft Visual Studio Solution File, Format Version 12.00
# Visual Studio 15
VisualStudioVersion = 15.0.28307.271
MinimumVisualStudioVersion = 10.0.40219.1
Project("{FAE04EC0-301F-11D3-BF4B-00C04F79EFBC}") = "myApp.Android", "myApp\myApp.Android\myApp.Android.csproj", "{B9A71C80-F4CC-4E77-B0F4-9BB67F4A786F}"
EndProject
Project("{FAE04EC0-301F-11D3-BF4B-00C04F79EFBC}") = "myApp.iOS", "myApp\myApp.iOS\myApp.iOS.csproj", "{F5C1625A-EE64-453D-A8BB-814CFB16B142}"
EndProject
Project("{FAE04EC0-301F-11D3-BF4B-00C04F79EFBC}") = "myApp.UWP", "myApp\myApp.UWP\myApp.UWP.csproj", "{5FF0DFC5-D3ED-4CF2-BD45-681C618D6CD9}"
EndProject
Project("{FAE04EC0-301F-11D3-BF4B-00C04F79EFBC}") = "myApp", "myApp\myApp\myApp.csproj", "{218AC314-A9D0-4924-ADF4-575494142A0F}"
EndProject
Global
	GlobalSection(SolutionConfigurationPlatforms) = preSolution
		Debug|Any CPU = Debug|Any CPU
		Debug|ARM = Debug|ARM
		Debug|iPhone = Debug|iPhone
		Debug|iPhoneSimulator = Debug|iPhoneSimulator
		Debug|x64 = Debug|x64
		Debug|x86 = Debug|x86
		Release|Any CPU = Release|Any CPU
		Release|ARM = Release|ARM
		Release|iPhone = Release|iPhone
		Release|iPhoneSimulator = Release|iPhoneSimulator
		Release|x64 = Release|x64
		Release|x86 = Release|x86
	EndGlobalSection
	GlobalSection(ProjectConfigurationPlatforms) = postSolution
		{B9A71C80-F4CC-4E77-B0F4-9BB67F4A786F}.Debug|Any CPU.ActiveCfg = Debug|Any CPU
		{B9A71C80-F4CC-4E77-B0F4-9BB67F4A786F}.Debug|Any CPU.Build.0 = Debug|Any CPU
		{B9A71C80-F4CC-4E77-B0F4-9BB67F4A786F}.Debug|Any CPU.Deploy.0 = Debug|Any CPU
		{B9A71C80-F4CC-4E77-B0F4-9BB67F4A786F}.Debug|ARM.ActiveCfg = Debug|Any CPU
		{B9A71C80-F4CC-4E77-B0F4-9BB67F4A786F}.Debug|ARM.Build.0 = Debug|Any CPU
		{B9A71C80-F4CC-4E77-B0F4-9BB67F4A786F}.Debug|ARM.Deploy.0 = Debug|Any CPU
		{B9A71C80-F4CC-4E77-B0F4-9BB67F4A786F}.Debug|iPhone.ActiveCfg = Debug|Any CPU
		{B9A71C80-F4CC-4E77-B0F4-9BB67F4A786F}.Debug|iPhone.Build.0 = Debug|Any CPU
		{B9A71C80-F4CC-4E77-B0F4-9BB67F4A786F}.Debug|iPhone.Deploy.0 = Debug|Any CPU
		{B9A71C80-F4CC-4E77-B0F4-9BB67F4A786F}.Debug|iPhoneSimulator.ActiveCfg = Debug|Any CPU
		{B9A71C80-F4CC-4E77-B0F4-9BB67F4A786F}.Debug|iPhoneSimulator.Build.0 = Debug|Any CPU
		{B9A71C80-F4CC-4E77-B0F4-9BB67F4A786F}.Debug|iPhoneSimulator.Deploy.0 = Debug|Any CPU
		{B9A71C80-F4CC-4E77-B0F4-9BB67F4A786F}.Debug|x64.ActiveCfg = Debug|Any CPU
		{B9A71C80-F4CC-4E77-B0F4-9BB67F4A786F}.Debug|x64.Build.0 = Debug|Any CPU
		{B9A71C80-F4CC-4E77-B0F4-9BB67F4A786F}.Debug|x64.Deploy.0 = Debug|Any CPU
		{B9A71C80-F4CC-4E77-B0F4-9BB67F4A786F}.Debug|x86.ActiveCfg = Debug|Any CPU
		{B9A71C80-F4CC-4E77-B0F4-9BB67F4A786F}.Debug|x86.Build.0 = Debug|Any CPU
		{B9A71C80-F4CC-4E77-B0F4-9BB67F4A786F}.Debug|x86.Deploy.0 = Debug|Any CPU
		{B9A71C80-F4CC-4E77-B0F4-9BB67F4A786F}.Release|Any CPU.ActiveCfg = Release|Any CPU
		{B9A71C80-F4CC-4E77-B0F4-9BB67F4A786F}.Release|Any CPU.Build.0 = Release|Any CPU
		{B9A71C80-F4CC-4E77-B0F4-9BB67F4A786F}.Release|Any CPU.Deploy.0 = Release|Any CPU
		{B9A71C80-F4CC-4E77-B0F4-9BB67F4A786F}.Release|ARM.ActiveCfg = Release|Any CPU
		{B9A71C80-F4CC-4E77-B0F4-9BB67F4A786F}.Release|ARM.Build.0 = Release|Any CPU
		{B9A71C80-F4CC-4E77-B0F4-9BB67F4A786F}.Release|ARM.Deploy.0 = Release|Any CPU
		{B9A71C80-F4CC-4E77-B0F4-9BB67F4A786F}.Release|iPhone.ActiveCfg = Release|Any CPU
		{B9A71C80-F4CC-4E77-B0F4-9BB67F4A786F}.Release|iPhone.Build.0 = Release|Any CPU
		{B9A71C80-F4CC-4E77-B0F4-9BB67F4A786F}.Release|iPhone.Deploy.0 = Release|Any CPU
		{B9A71C80-F4CC-4E77-B0F4-9BB67F4A786F}.Release|iPhoneSimulator.ActiveCfg = Release|Any CPU
		{B9A71C80-F4CC-4E77-B0F4-9BB67F4A786F}.Release|iPhoneSimulator.Build.0 = Release|Any CPU
		{B9A71C80-F4CC-4E77-B0F4-9BB67F4A786F}.Release|iPhoneSimulator.Deploy.0 = Release|Any CPU
		{B9A71C80-F4CC-4E77-B0F4-9BB67F4A786F}.Release|x64.ActiveCfg = Release|Any CPU
		{B9A71C80-F4CC-4E77-B0F4-9BB67F4A786F}.Release|x64.Build.0 = Release|Any CPU
		{B9A71C80-F4CC-4E77-B0F4-9BB67F4A786F}.Release|x64.Deploy.0 = Release|Any CPU
		{B9A71C80-F4CC-4E77-B0F4-9BB67F4A786F}.Release|x86.ActiveCfg = Release|Any CPU
		{B9A71C80-F4CC-4E77-B0F4-9BB67F4A786F}.Release|x86.Build.0 = Release|Any CPU
		{B9A71C80-F4CC-4E77-B0F4-9BB67F4A786F}.Release|x86.Deploy.0 = Release|Any CPU
		{F5C1625A-EE64-453D-A8BB-814CFB16B142}.Debug|Any CPU.ActiveCfg = Debug|iPhoneSimulator
		{F5C1625A-EE64-453D-A8BB-814CFB16B142}.Debug|Any CPU.Build.0 = Debug|iPhoneSimulator
		{F5C1625A-EE64-453D-A8BB-814CFB16B142}.Debug|Any CPU.Deploy.0 = Debug|iPhoneSimulator
		{F5C1625A-EE64-453D-A8BB-814CFB16B142}.Debug|ARM.ActiveCfg = Debug|iPhone
		{F5C1625A-EE64-453D-A8BB-814CFB16B142}.Debug|ARM.Build.0 = Debug|iPhone
		{F5C1625A-EE64-453D-A8BB-814CFB16B142}.Debug|ARM.Deploy.0 = Debug|iPhone
		{F5C1625A-EE64-453D-A8BB-814CFB16B142}.Debug|iPhone.ActiveCfg = Debug|iPhone
		{F5C1625A-EE64-453D-A8BB-814CFB16B142}.Debug|iPhone.Build.0 = Debug|iPhone
		{F5C1625A-EE64-453D-A8BB-814CFB16B142}.Debug|iPhone.Deploy.0 = Debug|iPhone
		{F5C1625A-EE64-453D-A8BB-814CFB16B142}.Debug|iPhoneSimulator.ActiveCfg = Debug|iPhoneSimulator
		{F5C1625A-EE64-453D-A8BB-814CFB16B142}.Debug|iPhoneSimulator.Build.0 = Debug|iPhoneSimulator
		{F5C1625A-EE64-453D-A8BB-814CFB16B142}.Debug|iPhoneSimulator.Deploy.0 = Debug|iPhoneSimulator
		{F5C1625A-EE64-453D-A8BB-814CFB16B142}.Debug|x64.ActiveCfg = Debug|iPhone
		{F5C1625A-EE64-453D-A8BB-814CFB16B142}.Debug|x64.Build.0 = Debug|iPhone
		{F5C1625A-EE64-453D-A8BB-814CFB16B142}.Debug|x64.Deploy.0 = Debug|iPhone
		{F5C1625A-EE64-453D-A8BB-814CFB16B142}.Debug|x86.ActiveCfg = Debug|iPhone
		{F5C1625A-EE64-453D-A8BB-814CFB16B142}.Debug|x86.Build.0 = Debug|iPhone
		{F5C1625A-EE64-453D-A8BB-814CFB16B142}.Debug|x86.Deploy.0 = Debug|iPhone
		{F5C1625A-EE64-453D-A8BB-814CFB16B142}.Release|Any CPU.ActiveCfg = Release|iPhone
		{F5C1625A-EE64-453D-A8BB-814CFB16B142}.Release|Any CPU.Build.0 = Release|iPhone
		{F5C1625A-EE64-453D-A8BB-814CFB16B142}.Release|Any CPU.Deploy.0 = Release|iPhone
		{F5C1625A-EE64-453D-A8BB-814CFB16B142}.Release|ARM.ActiveCfg = Release|iPhone
		{F5C1625A-EE64-453D-A8BB-814CFB16B142}.Release|ARM.Build.0 = Release|iPhone
		{F5C1625A-EE64-453D-A8BB-814CFB16B142}.Release|ARM.Deploy.0 = Release|iPhone
		{F5C1625A-EE64-453D-A8BB-814CFB16B142}.Release|iPhone.ActiveCfg = Release|iPhone
		{F5C1625A-EE64-453D-A8BB-814CFB16B142}.Release|iPhone.Build.0 = Release|iPhone
		{F5C1625A-EE64-453D-A8BB-814CFB16B142}.Release|iPhone.Deploy.0 = Release|iPhone
		{F5C1625A-EE64-453D-A8BB-814CFB16B142}.Release|iPhoneSimulator.ActiveCfg = Release|iPhoneSimulator
		{F5C1625A-EE64-453D-A8BB-814CFB16B142}.Release|iPhoneSimulator.Build.0 = Release|iPhoneSimulator
		{F5C1625A-EE64-453D-A8BB-814CFB16B142}.Release|iPhoneSimulator.Deploy.0 = Release|iPhoneSimulator
		{F5C1625A-EE64-453D-A8BB-814CFB16B142}.Release|x64.ActiveCfg = Release|iPhone
		{F5C1625A-EE64-453D-A8BB-814CFB16B142}.Release|x64.Build.0 = Release|iPhone
		{F5C1625A-EE64-453D-A8BB-814CFB16B142}.Release|x64.Deploy.0 = Release|iPhone
		{F5C1625A-EE64-453D-A8BB-814CFB16B142}.Release|x86.ActiveCfg = Release|iPhone
		{F5C1625A-EE64-453D-A8BB-814CFB16B142}.Release|x86.Build.0 = Release|iPhone
		{F5C1625A-EE64-453D-A8BB-814CFB16B142}.Release|x86.Deploy.0 = Release|iPhone
		{5FF0DFC5-D3ED-4CF2-BD45-681C618D6CD9}.Debug|Any CPU.ActiveCfg = Debug|x86
		{5FF0DFC5-D3ED-4CF2-BD45-681C618D6CD9}.Debug|Any CPU.Build.0 = Debug|x86
		{5FF0DFC5-D3ED-4CF2-BD45-681C618D6CD9}.Debug|Any CPU.Deploy.0 = Debug|x86
		{5FF0DFC5-D3ED-4CF2-BD45-681C618D6CD9}.Debug|ARM.ActiveCfg = Debug|ARM
		{5FF0DFC5-D3ED-4CF2-BD45-681C618D6CD9}.Debug|ARM.Build.0 = Debug|ARM
		{5FF0DFC5-D3ED-4CF2-BD45-681C618D6CD9}.Debug|ARM.Deploy.0 = Debug|ARM
		{5FF0DFC5-D3ED-4CF2-BD45-681C618D6CD9}.Debug|iPhone.ActiveCfg = Debug|x86
		{5FF0DFC5-D3ED-4CF2-BD45-681C618D6CD9}.Debug|iPhone.Build.0 = Debug|x86
		{5FF0DFC5-D3ED-4CF2-BD45-681C618D6CD9}.Debug|iPhone.Deploy.0 = Debug|x86
		{5FF0DFC5-D3ED-4CF2-BD45-681C618D6CD9}.Debug|iPhoneSimulator.ActiveCfg = Debug|x86
		{5FF0DFC5-D3ED-4CF2-BD45-681C618D6CD9}.Debug|iPhoneSimulator.Build.0 = Debug|x86
		{5FF0DFC5-D3ED-4CF2-BD45-681C618D6CD9}.Debug|iPhoneSimulator.Deploy.0 = Debug|x86
		{5FF0DFC5-D3ED-4CF2-BD45-681C618D6CD9}.Debug|x64.ActiveCfg = Debug|x64
		{5FF0DFC5-D3ED-4CF2-BD45-681C618D6CD9}.Debug|x64.Build.0 = Debug|x64
		{5FF0DFC5-D3ED-4CF2-BD45-681C618D6CD9}.Debug|x64.Deploy.0 = Debug|x64
		{5FF0DFC5-D3ED-4CF2-BD45-681C618D6CD9}.Debug|x86.ActiveCfg = Debug|x86
		{5FF0DFC5-D3ED-4CF2-BD45-681C618D6CD9}.Debug|x86.Build.0 = Debug|x86
		{5FF0DFC5-D3ED-4CF2-BD45-681C618D6CD9}.Debug|x86.Deploy.0 = Debug|x86
		{5FF0DFC5-D3ED-4CF2-BD45-681C618D6CD9}.Release|Any CPU.ActiveCfg = Release|x86
		{5FF0DFC5-D3ED-4CF2-BD45-681C618D6CD9}.Release|Any CPU.Build.0 = Release|x86
		{5FF0DFC5-D3ED-4CF2-BD45-681C618D6CD9}.Release|Any CPU.Deploy.0 = Release|x86
		{5FF0DFC5-D3ED-4CF2-BD45-681C618D6CD9}.Release|ARM.ActiveCfg = Release|ARM
		{5FF0DFC5-D3ED-4CF2-BD45-681C618D6CD9}.Release|ARM.Build.0 = Release|ARM
		{5FF0DFC5-D3ED-4CF2-BD45-681C618D6CD9}.Release|ARM.Deploy.0 = Release|ARM
		{5FF0DFC5-D3ED-4CF2-BD45-681C618D6CD9}.Release|iPhone.ActiveCfg = Release|x86
		{5FF0DFC5-D3ED-4CF2-BD45-681C618D6CD9}.Release|iPhone.Build.0 = Release|x86
		{5FF0DFC5-D3ED-4CF2-BD45-681C618D6CD9}.Release|iPhone.Deploy.0 = Release|x86
		{5FF0DFC5-D3ED-4CF2-BD45-681C618D6CD9}.Release|iPhoneSimulator.ActiveCfg = Release|x86
		{5FF0DFC5-D3ED-4CF2-BD45-681C618D6CD9}.Release|iPhoneSimulator.Build.0 = Release|x86
		{5FF0DFC5-D3ED-4CF2-BD45-681C618D6CD9}.Release|iPhoneSimulator.Deploy.0 = Release|x86
		{5FF0DFC5-D3ED-4CF2-BD45-681C618D6CD9}.Release|x64.ActiveCfg = Release|x64
		{5FF0DFC5-D3ED-4CF2-BD45-681C618D6CD9}.Release|x64.Build.0 = Release|x64
		{5FF0DFC5-D3ED-4CF2-BD45-681C618D6CD9}.Release|x64.Deploy.0 = Release|x64
		{5FF0DFC5-D3ED-4CF2-BD45-681C618D6CD9}.Release|x86.ActiveCfg = Release|x86
		{5FF0DFC5-D3ED-4CF2-BD45-681C618D6CD9}.Release|x86.Build.0 = Release|x86
		{5FF0DFC5-D3ED-4CF2-BD45-681C618D6CD9}.Release|x86.Deploy.0 = Release|x86
		{218AC314-A9D0-4924-ADF4-575494142A0F}.Debug|Any CPU.ActiveCfg = Debug|Any CPU
		{218AC314-A9D0-4924-ADF4-575494142A0F}.Debug|Any CPU.Build.0 = Debug|Any CPU
		{218AC314-A9D0-4924-ADF4-575494142A0F}.Debug|Any CPU.Deploy.0 = Debug|Any CPU
		{218AC314-A9D0-4924-ADF4-575494142A0F}.Debug|ARM.ActiveCfg = Debug|Any CPU
		{218AC314-A9D0-4924-ADF4-575494142A0F}.Debug|ARM.Build.0 = Debug|Any CPU
		{218AC314-A9D0-4924-ADF4-575494142A0F}.Debug|ARM.Deploy.0 = Debug|Any CPU
		{218AC314-A9D0-4924-ADF4-575494142A0F}.Debug|iPhone.ActiveCfg = Debug|Any CPU
		{218AC314-A9D0-4924-ADF4-575494142A0F}.Debug|iPhone.Build.0 = Debug|Any CPU
		{218AC314-A9D0-4924-ADF4-575494142A0F}.Debug|iPhone.Deploy.0 = Debug|Any CPU
		{218AC314-A9D0-4924-ADF4-575494142A0F}.Debug|iPhoneSimulator.ActiveCfg = Debug|Any CPU
		{218AC314-A9D0-4924-ADF4-575494142A0F}.Debug|iPhoneSimulator.Build.0 = Debug|Any CPU
		{218AC314-A9D0-4924-ADF4-575494142A0F}.Debug|iPhoneSimulator.Deploy.0 = Debug|Any CPU
		{218AC314-A9D0-4924-ADF4-575494142A0F}.Debug|x64.ActiveCfg = Debug|Any CPU
		{218AC314-A9D0-4924-ADF4-575494142A0F}.Debug|x64.Build.0 = Debug|Any CPU
		{218AC314-A9D0-4924-ADF4-575494142A0F}.Debug|x64.Deploy.0 = Debug|Any CPU
		{218AC314-A9D0-4924-ADF4-575494142A0F}.Debug|x86.ActiveCfg = Debug|Any CPU
		{218AC314-A9D0-4924-ADF4-575494142A0F}.Debug|x86.Build.0 = Debug|Any CPU
		{218AC314-A9D0-4924-ADF4-575494142A0F}.Debug|x86.Deploy.0 = Debug|Any CPU
		{218AC314-A9D0-4924-ADF4-575494142A0F}.Release|Any CPU.ActiveCfg = Release|Any CPU
		{218AC314-A9D0-4924-ADF4-575494142A0F}.Release|Any CPU.Build.0 = Release|Any CPU
		{218AC314-A9D0-4924-ADF4-575494142A0F}.Release|Any CPU.Deploy.0 = Release|Any CPU
		{218AC314-A9D0-4924-ADF4-575494142A0F}.Release|ARM.ActiveCfg = Release|Any CPU
		{218AC314-A9D0-4924-ADF4-575494142A0F}.Release|ARM.Build.0 = Release|Any CPU
		{218AC314-A9D0-4924-ADF4-575494142A0F}.Release|ARM.Deploy.0 = Release|Any CPU
		{218AC314-A9D0-4924-ADF4-575494142A0F}.Release|iPhone.ActiveCfg = Release|Any CPU
		{218AC314-A9D0-4924-ADF4-575494142A0F}.Release|iPhone.Build.0 = Release|Any CPU
		{218AC314-A9D0-4924-ADF4-575494142A0F}.Release|iPhone.Deploy.0 = Release|Any CPU
		{218AC314-A9D0-4924-ADF4-575494142A0F}.Release|iPhoneSimulator.ActiveCfg = Release|Any CPU
		{218AC314-A9D0-4924-ADF4-575494142A0F}.Release|iPhoneSimulator.Build.0 = Release|Any CPU
		{218AC314-A9D0-4924-ADF4-575494142A0F}.Release|iPhoneSimulator.Deploy.0 = Release|Any CPU
		{218AC314-A9D0-4924-ADF4-575494142A0F}.Release|x64.ActiveCfg = Release|Any CPU
		{218AC314-A9D0-4924-ADF4-575494142A0F}.Release|x64.Build.0 = Release|Any CPU
		{218AC314-A9D0-4924-ADF4-575494142A0F}.Release|x64.Deploy.0 = Release|Any CPU
		{218AC314-A9D0-4924-ADF4-575494142A0F}.Release|x86.ActiveCfg = Release|Any CPU
		{218AC314-A9D0-4924-ADF4-575494142A0F}.Release|x86.Build.0 = Release|Any CPU
		{218AC314-A9D0-4924-ADF4-575494142A0F}.Release|x86.Deploy.0 = Release|Any CPU
	EndGlobalSection
	GlobalSection(SolutionProperties) = preSolution
		HideSolutionNode = FALSE
	EndGlobalSection
	GlobalSection(ExtensibilityGlobals) = postSolution
		SolutionGuid = {7638CE9D-C15B-485D-A922-2E36ED3C1254}
	EndGlobalSection
EndGlobal
